%{"exactor": {:hex, :exactor, "2.2.4", "5efb4ddeb2c48d9a1d7c9b465a6fffdd82300eb9618ece5d34c3334d5d7245b1", [:mix], [], "hexpm", "1222419f706e01bfa1095aec9acf6421367dcfab798a6f67c54cf784733cd6b5"},
  "exjsx": {:hex, :exjsx, "4.0.0", "60548841e0212df401e38e63c0078ec57b33e7ea49b032c796ccad8cde794b5c", [:mix], [{:jsx, "~> 2.8.0", [hex: :jsx, repo: "hexpm", optional: false]}], "hexpm", "32e95820a97cffea67830e91514a2ad53b888850442d6d395f53a1ac60c82e07"},
  "exvcr": {:hex, :exvcr, "0.11.1", "a5e5f57a67538e032e16cfea6cfb1232314fb146e3ceedf1cde4a11f12fb7a58", [:mix], [{:exactor, "~> 2.2", [hex: :exactor, repo: "hexpm", optional: false]}, {:exjsx, "~> 4.0", [hex: :exjsx, repo: "hexpm", optional: false]}, {:httpoison, "~> 1.0", [hex: :httpoison, repo: "hexpm", optional: true]}, {:httpotion, "~> 3.1", [hex: :httpotion, repo: "hexpm", optional: true]}, {:ibrowse, "~> 4.4", [hex: :ibrowse, repo: "hexpm", optional: true]}, {:meck, "~> 0.8", [hex: :meck, repo: "hexpm", optional: false]}], "hexpm", "984a4d52d9e01d5f0e28d45718565a41dffab3ac18e029ae45d42f16a2a58a1d"},
  "jason": {:hex, :jason, "1.2.1", "12b22825e22f468c02eb3e4b9985f3d0cb8dc40b9bd704730efa11abd2708c44", [:mix], [{:decimal, "~> 1.0", [hex: :decimal, repo: "hexpm", optional: true]}], "hexpm", "b659b8571deedf60f79c5a608e15414085fa141344e2716fbd6988a084b5f993"},
  "jsx": {:hex, :jsx, "2.8.3", "a05252d381885240744d955fbe3cf810504eb2567164824e19303ea59eef62cf", [:mix, :rebar3], [], "hexpm", "fc3499fed7a726995aa659143a248534adc754ebd16ccd437cd93b649a95091f"},
  "meck": {:hex, :meck, "0.8.13", "ffedb39f99b0b99703b8601c6f17c7f76313ee12de6b646e671e3188401f7866", [:rebar3], [], "hexpm", "d34f013c156db51ad57cc556891b9720e6a1c1df5fe2e15af999c84d6cebeb1a"}}
